
Microsoft Visual Studio Solution File, Format Version 12.00
# Visual Studio 15
VisualStudioVersion = 15.0.27130.2010
MinimumVisualStudioVersion = 10.0.40219.1
Project("{9A19103F-16F7-4668-BE54-9A1E7A4F7556}") = "SmiteBuilder", "SmiteBuilder\SmiteBuilder.csproj", "{1D2B1FC8-14AE-4C01-824D-63D2C97B551E}"
EndProject
Global
	GlobalSection(SolutionConfigurationPlatforms) = preSolution
		Debug|Any CPU = Debug|Any CPU
		Release|Any CPU = Release|Any CPU
	EndGlobalSection
	GlobalSection(ProjectConfigurationPlatforms) = postSolution
		{1D2B1FC8-14AE-4C01-824D-63D2C97B551E}.Debug|Any CPU.ActiveCfg = Debug|Any CPU
		{1D2B1FC8-14AE-4C01-824D-63D2C97B551E}.Debug|Any CPU.Build.0 = Debug|Any CPU
		{1D2B1FC8-14AE-4C01-824D-63D2C97B551E}.Release|Any CPU.ActiveCfg = Release|Any CPU
		{1D2B1FC8-14AE-4C01-824D-63D2C97B551E}.Release|Any CPU.Build.0 = Release|Any CPU
	EndGlobalSection
	GlobalSection(SolutionProperties) = preSolution
		HideSolutionNode = FALSE
	EndGlobalSection
	GlobalSection(ExtensibilityGlobals) = postSolution
		SolutionGuid = {252139D5-9738-4C67-96EC-F52BB279D2F5}
	EndGlobalSection
EndGlobal
